{
  "nodes": {
    "flake-utils": {
      "locked": {
        "lastModified": 1676283394,
        "narHash": "sha256-XX2f9c3iySLCw54rJ/CZs+ZK6IQy7GXNY4nSOyu2QG4=",
        "owner": "numtide",
        "repo": "flake-utils",
        "rev": "3db36a8b464d0c4532ba1c7dda728f4576d6d073",
        "type": "github"
      },
      "original": {
        "owner": "numtide",
        "repo": "flake-utils",
        "type": "github"
      }
    },
    "nixpkgs": {
      "locked": {
        "lastModified": 1723175592,
        "narHash": "sha256-M0xJ3FbDUc4fRZ84dPGx5VvgFsOzds77KiBMW/mMTnI=",
        "owner": "NixOS",
        "repo": "nixpkgs",
        "rev": "5e0ca22929f3342b19569b21b2f3462f053e497b",
        "type": "github"
      },
      "original": {
        "owner": "NixOS",
        "ref": "nixos-unstable",
        "repo": "nixpkgs",
        "type": "github"
      }
    },
    "root": {
      "inputs": {
        "flake-utils": "flake-utils",
        "nixpkgs": "nixpkgs",
        "terraform_0_13-nixpkgs": "terraform_0_13-nixpkgs",
        "terraform_0_14-nixpkgs": "terraform_0_14-nixpkgs"
      }
    },
    "terraform_0_13-nixpkgs": {
      "locked": {
        "lastModified": 1618859633,
        "narHash": "sha256-OyY4XZGpBmhkiAzAmHqh45V47Cjx983cWKRdL6WMdZM=",
        "owner": "NixOS",
        "repo": "nixpkgs",
        "rev": "c92ca95afb5043bc6faa0d526460584eccff2277",
        "type": "github"
      },
      "original": {
        "owner": "NixOS",
        "repo": "nixpkgs",
        "rev": "c92ca95afb5043bc6faa0d526460584eccff2277",
        "type": "github"
      }
    },
    "terraform_0_14-nixpkgs": {
      "locked": {
        "lastModified": 1653335222,
        "narHash": "sha256-iB8j9wzc6e+YUGL//RCBK+uj4Ke6JbBFylKpaC+SxNE=",
        "owner": "NixOS",
        "repo": "nixpkgs",
        "rev": "bf972dc380f36a3bf83db052380e55f0eaa7dcb6",
        "type": "github"
      },
      "original": {
        "owner": "NixOS",
        "repo": "nixpkgs",
        "rev": "bf972dc380f36a3bf83db052380e55f0eaa7dcb6",
        "type": "github"
      }
    }
  },
  "root": "root",
  "version": 7
}
